
Microsoft Visual Studio Solution File, Format Version 12.00
# Visual Studio Version 16
VisualStudioVersion = 16.0.30011.22
MinimumVisualStudioVersion = 10.0.40219.1
Project("{8BC9CEB8-8B4A-11D0-8D11-00A0C91BC942}") = "스택 구현 10번문제", "스택 구현 10번문제\스택 구현 10번문제.vcxproj", "{CBE7E23C-6074-4B0C-8149-C86E11BE7D88}"
EndProject
Global
	GlobalSection(SolutionConfigurationPlatforms) = preSolution
		Debug|x64 = Debug|x64
		Debug|x86 = Debug|x86
		Release|x64 = Release|x64
		Release|x86 = Release|x86
	EndGlobalSection
	GlobalSection(ProjectConfigurationPlatforms) = postSolution
		{CBE7E23C-6074-4B0C-8149-C86E11BE7D88}.Debug|x64.ActiveCfg = Debug|x64
		{CBE7E23C-6074-4B0C-8149-C86E11BE7D88}.Debug|x64.Build.0 = Debug|x64
		{CBE7E23C-6074-4B0C-8149-C86E11BE7D88}.Debug|x86.ActiveCfg = Debug|Win32
		{CBE7E23C-6074-4B0C-8149-C86E11BE7D88}.Debug|x86.Build.0 = Debug|Win32
		{CBE7E23C-6074-4B0C-8149-C86E11BE7D88}.Release|x64.ActiveCfg = Release|x64
		{CBE7E23C-6074-4B0C-8149-C86E11BE7D88}.Release|x64.Build.0 = Release|x64
		{CBE7E23C-6074-4B0C-8149-C86E11BE7D88}.Release|x86.ActiveCfg = Release|Win32
		{CBE7E23C-6074-4B0C-8149-C86E11BE7D88}.Release|x86.Build.0 = Release|Win32
	EndGlobalSection
	GlobalSection(SolutionProperties) = preSolution
		HideSolutionNode = FALSE
	EndGlobalSection
	GlobalSection(ExtensibilityGlobals) = postSolution
		SolutionGuid = {EA4FDD3F-B7EB-4B60-AC7F-1BD5F84C02F0}
	EndGlobalSection
EndGlobal
