
Microsoft Visual Studio Solution File, Format Version 12.00
# Visual Studio Version 16
VisualStudioVersion = 16.0.30104.148
MinimumVisualStudioVersion = 10.0.40219.1
Project("{8BC9CEB8-8B4A-11D0-8D11-00A0C91BC942}") = "12-1", "12-1\12-1.vcxproj", "{13482F54-ABEF-459E-BA02-888B114E0187}"
EndProject
Project("{8BC9CEB8-8B4A-11D0-8D11-00A0C91BC942}") = "12-2", "12-2\12-2.vcxproj", "{86652B16-A165-431D-ABE0-6FD34BDCBF5E}"
EndProject
Project("{8BC9CEB8-8B4A-11D0-8D11-00A0C91BC942}") = "12-3", "12-3\12-3.vcxproj", "{E2F855AA-B7A0-439C-BDF5-5528B04A6DE3}"
EndProject
Project("{8BC9CEB8-8B4A-11D0-8D11-00A0C91BC942}") = "12-4", "12-4\12-4.vcxproj", "{FBAF2EFB-0601-45E7-B89E-5040BFB897B6}"
EndProject
Project("{8BC9CEB8-8B4A-11D0-8D11-00A0C91BC942}") = "12-5", "12-5\12-5.vcxproj", "{58F065FF-F4FD-4CE8-B552-1B7E3E371D36}"
EndProject
Project("{8BC9CEB8-8B4A-11D0-8D11-00A0C91BC942}") = "12-6", "12-6\12-6.vcxproj", "{159AA558-A8AB-4168-B8A3-EB6B15A1BFF5}"
EndProject
Project("{8BC9CEB8-8B4A-11D0-8D11-00A0C91BC942}") = "12-7", "12-7\12-7.vcxproj", "{82B2123E-5B5C-440E-8A52-A75A4A2E6C01}"
EndProject
Project("{8BC9CEB8-8B4A-11D0-8D11-00A0C91BC942}") = "12-8", "12-8\12-8.vcxproj", "{DFAF96CD-99CF-4134-89E3-B09903351938}"
EndProject
Project("{8BC9CEB8-8B4A-11D0-8D11-00A0C91BC942}") = "12-9", "12-9\12-9.vcxproj", "{4E6BB6A0-854B-4ECA-8F4B-149F168B15D5}"
EndProject
Project("{8BC9CEB8-8B4A-11D0-8D11-00A0C91BC942}") = "12-10", "12-10\12-10.vcxproj", "{EEDCF166-7561-4062-8559-0C81864B4133}"
EndProject
Global
	GlobalSection(SolutionConfigurationPlatforms) = preSolution
		Debug|x64 = Debug|x64
		Debug|x86 = Debug|x86
		Release|x64 = Release|x64
		Release|x86 = Release|x86
	EndGlobalSection
	GlobalSection(ProjectConfigurationPlatforms) = postSolution
		{13482F54-ABEF-459E-BA02-888B114E0187}.Debug|x64.ActiveCfg = Debug|x64
		{13482F54-ABEF-459E-BA02-888B114E0187}.Debug|x64.Build.0 = Debug|x64
		{13482F54-ABEF-459E-BA02-888B114E0187}.Debug|x86.ActiveCfg = Debug|Win32
		{13482F54-ABEF-459E-BA02-888B114E0187}.Debug|x86.Build.0 = Debug|Win32
		{13482F54-ABEF-459E-BA02-888B114E0187}.Release|x64.ActiveCfg = Release|x64
		{13482F54-ABEF-459E-BA02-888B114E0187}.Release|x64.Build.0 = Release|x64
		{13482F54-ABEF-459E-BA02-888B114E0187}.Release|x86.ActiveCfg = Release|Win32
		{13482F54-ABEF-459E-BA02-888B114E0187}.Release|x86.Build.0 = Release|Win32
		{86652B16-A165-431D-ABE0-6FD34BDCBF5E}.Debug|x64.ActiveCfg = Debug|x64
		{86652B16-A165-431D-ABE0-6FD34BDCBF5E}.Debug|x64.Build.0 = Debug|x64
		{86652B16-A165-431D-ABE0-6FD34BDCBF5E}.Debug|x86.ActiveCfg = Debug|Win32
		{86652B16-A165-431D-ABE0-6FD34BDCBF5E}.Debug|x86.Build.0 = Debug|Win32
		{86652B16-A165-431D-ABE0-6FD34BDCBF5E}.Release|x64.ActiveCfg = Release|x64
		{86652B16-A165-431D-ABE0-6FD34BDCBF5E}.Release|x64.Build.0 = Release|x64
		{86652B16-A165-431D-ABE0-6FD34BDCBF5E}.Release|x86.ActiveCfg = Release|Win32
		{86652B16-A165-431D-ABE0-6FD34BDCBF5E}.Release|x86.Build.0 = Release|Win32
		{E2F855AA-B7A0-439C-BDF5-5528B04A6DE3}.Debug|x64.ActiveCfg = Debug|x64
		{E2F855AA-B7A0-439C-BDF5-5528B04A6DE3}.Debug|x64.Build.0 = Debug|x64
		{E2F855AA-B7A0-439C-BDF5-5528B04A6DE3}.Debug|x86.ActiveCfg = Debug|Win32
		{E2F855AA-B7A0-439C-BDF5-5528B04A6DE3}.Debug|x86.Build.0 = Debug|Win32
		{E2F855AA-B7A0-439C-BDF5-5528B04A6DE3}.Release|x64.ActiveCfg = Release|x64
		{E2F855AA-B7A0-439C-BDF5-5528B04A6DE3}.Release|x64.Build.0 = Release|x64
		{E2F855AA-B7A0-439C-BDF5-5528B04A6DE3}.Release|x86.ActiveCfg = Release|Win32
		{E2F855AA-B7A0-439C-BDF5-5528B04A6DE3}.Release|x86.Build.0 = Release|Win32
		{FBAF2EFB-0601-45E7-B89E-5040BFB897B6}.Debug|x64.ActiveCfg = Debug|x64
		{FBAF2EFB-0601-45E7-B89E-5040BFB897B6}.Debug|x64.Build.0 = Debug|x64
		{FBAF2EFB-0601-45E7-B89E-5040BFB897B6}.Debug|x86.ActiveCfg = Debug|Win32
		{FBAF2EFB-0601-45E7-B89E-5040BFB897B6}.Debug|x86.Build.0 = Debug|Win32
		{FBAF2EFB-0601-45E7-B89E-5040BFB897B6}.Release|x64.ActiveCfg = Release|x64
		{FBAF2EFB-0601-45E7-B89E-5040BFB897B6}.Release|x64.Build.0 = Release|x64
		{FBAF2EFB-0601-45E7-B89E-5040BFB897B6}.Release|x86.ActiveCfg = Release|Win32
		{FBAF2EFB-0601-45E7-B89E-5040BFB897B6}.Release|x86.Build.0 = Release|Win32
		{58F065FF-F4FD-4CE8-B552-1B7E3E371D36}.Debug|x64.ActiveCfg = Debug|x64
		{58F065FF-F4FD-4CE8-B552-1B7E3E371D36}.Debug|x64.Build.0 = Debug|x64
		{58F065FF-F4FD-4CE8-B552-1B7E3E371D36}.Debug|x86.ActiveCfg = Debug|Win32
		{58F065FF-F4FD-4CE8-B552-1B7E3E371D36}.Debug|x86.Build.0 = Debug|Win32
		{58F065FF-F4FD-4CE8-B552-1B7E3E371D36}.Release|x64.ActiveCfg = Release|x64
		{58F065FF-F4FD-4CE8-B552-1B7E3E371D36}.Release|x64.Build.0 = Release|x64
		{58F065FF-F4FD-4CE8-B552-1B7E3E371D36}.Release|x86.ActiveCfg = Release|Win32
		{58F065FF-F4FD-4CE8-B552-1B7E3E371D36}.Release|x86.Build.0 = Release|Win32
		{159AA558-A8AB-4168-B8A3-EB6B15A1BFF5}.Debug|x64.ActiveCfg = Debug|x64
		{159AA558-A8AB-4168-B8A3-EB6B15A1BFF5}.Debug|x64.Build.0 = Debug|x64
		{159AA558-A8AB-4168-B8A3-EB6B15A1BFF5}.Debug|x86.ActiveCfg = Debug|Win32
		{159AA558-A8AB-4168-B8A3-EB6B15A1BFF5}.Debug|x86.Build.0 = Debug|Win32
		{159AA558-A8AB-4168-B8A3-EB6B15A1BFF5}.Release|x64.ActiveCfg = Release|x64
		{159AA558-A8AB-4168-B8A3-EB6B15A1BFF5}.Release|x64.Build.0 = Release|x64
		{159AA558-A8AB-4168-B8A3-EB6B15A1BFF5}.Release|x86.ActiveCfg = Release|Win32
		{159AA558-A8AB-4168-B8A3-EB6B15A1BFF5}.Release|x86.Build.0 = Release|Win32
		{82B2123E-5B5C-440E-8A52-A75A4A2E6C01}.Debug|x64.ActiveCfg = Debug|x64
		{82B2123E-5B5C-440E-8A52-A75A4A2E6C01}.Debug|x64.Build.0 = Debug|x64
		{82B2123E-5B5C-440E-8A52-A75A4A2E6C01}.Debug|x86.ActiveCfg = Debug|Win32
		{82B2123E-5B5C-440E-8A52-A75A4A2E6C01}.Debug|x86.Build.0 = Debug|Win32
		{82B2123E-5B5C-440E-8A52-A75A4A2E6C01}.Release|x64.ActiveCfg = Release|x64
		{82B2123E-5B5C-440E-8A52-A75A4A2E6C01}.Release|x64.Build.0 = Release|x64
		{82B2123E-5B5C-440E-8A52-A75A4A2E6C01}.Release|x86.ActiveCfg = Release|Win32
		{82B2123E-5B5C-440E-8A52-A75A4A2E6C01}.Release|x86.Build.0 = Release|Win32
		{DFAF96CD-99CF-4134-89E3-B09903351938}.Debug|x64.ActiveCfg = Debug|x64
		{DFAF96CD-99CF-4134-89E3-B09903351938}.Debug|x64.Build.0 = Debug|x64
		{DFAF96CD-99CF-4134-89E3-B09903351938}.Debug|x86.ActiveCfg = Debug|Win32
		{DFAF96CD-99CF-4134-89E3-B09903351938}.Debug|x86.Build.0 = Debug|Win32
		{DFAF96CD-99CF-4134-89E3-B09903351938}.Release|x64.ActiveCfg = Release|x64
		{DFAF96CD-99CF-4134-89E3-B09903351938}.Release|x64.Build.0 = Release|x64
		{DFAF96CD-99CF-4134-89E3-B09903351938}.Release|x86.ActiveCfg = Release|Win32
		{DFAF96CD-99CF-4134-89E3-B09903351938}.Release|x86.Build.0 = Release|Win32
		{4E6BB6A0-854B-4ECA-8F4B-149F168B15D5}.Debug|x64.ActiveCfg = Debug|x64
		{4E6BB6A0-854B-4ECA-8F4B-149F168B15D5}.Debug|x64.Build.0 = Debug|x64
		{4E6BB6A0-854B-4ECA-8F4B-149F168B15D5}.Debug|x86.ActiveCfg = Debug|Win32
		{4E6BB6A0-854B-4ECA-8F4B-149F168B15D5}.Debug|x86.Build.0 = Debug|Win32
		{4E6BB6A0-854B-4ECA-8F4B-149F168B15D5}.Release|x64.ActiveCfg = Release|x64
		{4E6BB6A0-854B-4ECA-8F4B-149F168B15D5}.Release|x64.Build.0 = Release|x64
		{4E6BB6A0-854B-4ECA-8F4B-149F168B15D5}.Release|x86.ActiveCfg = Release|Win32
		{4E6BB6A0-854B-4ECA-8F4B-149F168B15D5}.Release|x86.Build.0 = Release|Win32
		{EEDCF166-7561-4062-8559-0C81864B4133}.Debug|x64.ActiveCfg = Debug|x64
		{EEDCF166-7561-4062-8559-0C81864B4133}.Debug|x64.Build.0 = Debug|x64
		{EEDCF166-7561-4062-8559-0C81864B4133}.Debug|x86.ActiveCfg = Debug|Win32
		{EEDCF166-7561-4062-8559-0C81864B4133}.Debug|x86.Build.0 = Debug|Win32
		{EEDCF166-7561-4062-8559-0C81864B4133}.Release|x64.ActiveCfg = Release|x64
		{EEDCF166-7561-4062-8559-0C81864B4133}.Release|x64.Build.0 = Release|x64
		{EEDCF166-7561-4062-8559-0C81864B4133}.Release|x86.ActiveCfg = Release|Win32
		{EEDCF166-7561-4062-8559-0C81864B4133}.Release|x86.Build.0 = Release|Win32
	EndGlobalSection
	GlobalSection(SolutionProperties) = preSolution
		HideSolutionNode = FALSE
	EndGlobalSection
	GlobalSection(ExtensibilityGlobals) = postSolution
		SolutionGuid = {87B3DB48-6F56-4FDC-B876-8FA023FC00FA}
	EndGlobalSection
EndGlobal
